// !$*UTF8*$!
{
	archiveVersion = 1;
	classes = {
	};
	objectVersion = 52;
	objects = {

/* Begin PBXBuildFile section */
		ED1DBD272657BD7F00E7BEB2 /* SwiftHEXColors in Frameworks */ = {isa = PBXBuildFile; productRef = ED1DBD262657BD7F00E7BEB2 /* SwiftHEXColors */; };
		ED6C40A72658294700E9EF9A /* HomeView.swift in Sources */ = {isa = PBXBuildFile; fileRef = ED6C40A62658294700E9EF9A /* HomeView.swift */; };
		ED7A38A62656BBBD00597498 /* SwipeUIApp.swift in Sources */ = {isa = PBXBuildFile; fileRef = ED7A38A52656BBBD00597498 /* SwipeUIApp.swift */; };
		ED7A38A82656BBBD00597498 /* ContentView.swift in Sources */ = {isa = PBXBuildFile; fileRef = ED7A38A72656BBBD00597498 /* ContentView.swift */; };
		ED7A38AA2656BBC000597498 /* Assets.xcassets in Resources */ = {isa = PBXBuildFile; fileRef = ED7A38A92656BBC000597498 /* Assets.xcassets */; };
		ED7A38AD2656BBC000597498 /* Preview Assets.xcassets in Resources */ = {isa = PBXBuildFile; fileRef = ED7A38AC2656BBC000597498 /* Preview Assets.xcassets */; };
		ED7A38B62656BC0400597498 /* OnBoardScreenView.swift in Sources */ = {isa = PBXBuildFile; fileRef = ED7A38B52656BC0400597498 /* OnBoardScreenView.swift */; };
/* End PBXBuildFile section */

/* Begin PBXFileReference section */
		ED6C40A62658294700E9EF9A /* HomeView.swift */ = {isa = PBXFileReference; lastKnownFileType = sourcecode.swift; path = HomeView.swift; sourceTree = "<group>"; };
		ED7A38A22656BBBC00597498 /* SwipeUI.app */ = {isa = PBXFileReference; explicitFileType = wrapper.application; includeInIndex = 0; path = SwipeUI.app; sourceTree = BUILT_PRODUCTS_DIR; };
		ED7A38A52656BBBD00597498 /* SwipeUIApp.swift */ = {isa = PBXFileReference; lastKnownFileType = sourcecode.swift; path = SwipeUIApp.swift; sourceTree = "<group>"; };
		ED7A38A72656BBBD00597498 /* ContentView.swift */ = {isa = PBXFileReference; lastKnownFileType = sourcecode.swift; path = ContentView.swift; sourceTree = "<group>"; };
		ED7A38A92656BBC000597498 /* Assets.xcassets */ = {isa = PBXFileReference; lastKnownFileType = folder.assetcatalog; path = Assets.xcassets; sourceTree = "<group>"; };
		ED7A38AC2656BBC000597498 /* Preview Assets.xcassets */ = {isa = PBXFileReference; lastKnownFileType = folder.assetcatalog; path = "Preview Assets.xcassets"; sourceTree = "<group>"; };
		ED7A38AE2656BBC000597498 /* Info.plist */ = {isa = PBXFileReference; lastKnownFileType = text.plist.xml; path = Info.plist; sourceTree = "<group>"; };
		ED7A38B52656BC0400597498 /* OnBoardScreenView.swift */ = {isa = PBXFileReference; lastKnownFileType = sourcecode.swift; path = OnBoardScreenView.swift; sourceTree = "<group>"; };
/* End PBXFileReference section */

/* Begin PBXFrameworksBuildPhase section */
		ED7A389F2656BBBC00597498 /* Frameworks */ = {
			isa = PBXFrameworksBuildPhase;
			buildActionMask = 2147483647;
			files = (
				ED1DBD272657BD7F00E7BEB2 /* SwiftHEXColors in Frameworks */,
			);
			runOnlyForDeploymentPostprocessing = 0;
		};
/* End PBXFrameworksBuildPhase section */

/* Begin PBXGroup section */
		ED7A38992656BBBC00597498 = {
			isa = PBXGroup;
			children = (
				ED7A38A42656BBBC00597498 /* SwipeUI */,
				ED7A38A32656BBBC00597498 /* Products */,
			);
			sourceTree = "<group>";
		};
		ED7A38A32656BBBC00597498 /* Products */ = {
			isa = PBXGroup;
			children = (
				ED7A38A22656BBBC00597498 /* SwipeUI.app */,
			);
			name = Products;
			sourceTree = "<group>";
		};
		ED7A38A42656BBBC00597498 /* SwipeUI */ = {
			isa = PBXGroup;
			children = (
				ED7A38A52656BBBD00597498 /* SwipeUIApp.swift */,
				ED7A38A72656BBBD00597498 /* ContentView.swift */,
				ED6C40A62658294700E9EF9A /* HomeView.swift */,
				ED7A38B52656BC0400597498 /* OnBoardScreenView.swift */,
				ED7A38A92656BBC000597498 /* Assets.xcassets */,
				ED7A38AE2656BBC000597498 /* Info.plist */,
				ED7A38AB2656BBC000597498 /* Preview Content */,
			);
			path = SwipeUI;
			sourceTree = "<group>";
		};
		ED7A38AB2656BBC000597498 /* Preview Content */ = {
			isa = PBXGroup;
			children = (
				ED7A38AC2656BBC000597498 /* Preview Assets.xcassets */,
			);
			path = "Preview Content";
			sourceTree = "<group>";
		};
/* End PBXGroup section */

/* Begin PBXNativeTarget section */
		ED7A38A12656BBBC00597498 /* SwipeUI */ = {
			isa = PBXNativeTarget;
			buildConfigurationList = ED7A38B12656BBC000597498 /* Build configuration list for PBXNativeTarget "SwipeUI" */;
			buildPhases = (
				ED7A389E2656BBBC00597498 /* Sources */,
				ED7A389F2656BBBC00597498 /* Frameworks */,
				ED7A38A02656BBBC00597498 /* Resources */,
			);
			buildRules = (
			);
			dependencies = (
			);
			name = SwipeUI;
			packageProductDependencies = (
				ED1DBD262657BD7F00E7BEB2 /* SwiftHEXColors */,
			);
			productName = SwipeUI;
			productReference = ED7A38A22656BBBC00597498 /* SwipeUI.app */;
			productType = "com.apple.product-type.application";
		};
/* End PBXNativeTarget section */

/* Begin PBXProject section */
		ED7A389A2656BBBC00597498 /* Project object */ = {
			isa = PBXProject;
			attributes = {
				LastSwiftUpdateCheck = 1220;
				LastUpgradeCheck = 1220;
				TargetAttributes = {
					ED7A38A12656BBBC00597498 = {
						CreatedOnToolsVersion = 12.2;
					};
				};
			};
			buildConfigurationList = ED7A389D2656BBBC00597498 /* Build configuration list for PBXProject "SwipeUI" */;
			compatibilityVersion = "Xcode 9.3";
			developmentRegion = en;
			hasScannedForEncodings = 0;
			knownRegions = (
				en,
				Base,
			);
			mainGroup = ED7A38992656BBBC00597498;
			packageReferences = (
				ED1DBD252657BD7F00E7BEB2 /* XCRemoteSwiftPackageReference "SwiftHEXColors" */,
			);
			productRefGroup = ED7A38A32656BBBC00597498 /* Products */;
			projectDirPath = "";
			projectRoot = "";
			targets = (
				ED7A38A12656BBBC00597498 /* SwipeUI */,
			);
		};
/* End PBXProject section */

/* Begin PBXResourcesBuildPhase section */
		ED7A38A02656BBBC00597498 /* Resources */ = {
			isa = PBXResourcesBuildPhase;
			buildActionMask = 2147483647;
			files = (
				ED7A38AD2656BBC000597498 /* Preview Assets.xcassets in Resources */,
				ED7A38AA2656BBC000597498 /* Assets.xcassets in Resources */,
			);
			runOnlyForDeploymentPostprocessing = 0;
		};
/* End PBXResourcesBuildPhase section */

/* Begin PBXSourcesBuildPhase section */
		ED7A389E2656BBBC00597498 /* Sources */ = {
			isa = PBXSourcesBuildPhase;
			buildActionMask = 2147483647;
			files = (
				ED7A38A82656BBBD00597498 /* ContentView.swift in Sources */,
				ED6C40A72658294700E9EF9A /* HomeView.swift in Sources */,
				ED7A38B62656BC0400597498 /* OnBoardScreenView.swift in Sources */,
				ED7A38A62656BBBD00597498 /* SwipeUIApp.swift in Sources */,
			);
			runOnlyForDeploymentPostprocessing = 0;
		};
/* End PBXSourcesBuildPhase section */

/* Begin XCBuildConfiguration section */
		ED7A38AF2656BBC000597498 /* Debug */ = {
			isa = XCBuildConfiguration;
			buildSettings = {
				ALWAYS_SEARCH_USER_PATHS = NO;
				CLANG_ANALYZER_NONNULL = YES;
				CLANG_ANALYZER_NUMBER_OBJECT_CONVERSION = YES_AGGRESSIVE;
				CLANG_CXX_LANGUAGE_STANDARD = "gnu++14";
				CLANG_CXX_LIBRARY = "libc++";
				CLANG_ENABLE_MODULES = YES;
				CLANG_ENABLE_OBJC_ARC = YES;
				CLANG_ENABLE_OBJC_WEAK = YES;
				CLANG_WARN_BLOCK_CAPTURE_AUTORELEASING = YES;
				CLANG_WARN_BOOL_CONVERSION = YES;
				CLANG_WARN_COMMA = YES;
				CLANG_WARN_CONSTANT_CONVERSION = YES;
				CLANG_WARN_DEPRECATED_OBJC_IMPLEMENTATIONS = YES;
				CLANG_WARN_DIRECT_OBJC_ISA_USAGE = YES_ERROR;
				CLANG_WARN_DOCUMENTATION_COMMENTS = YES;
				CLANG_WARN_EMPTY_BODY = YES;
				CLANG_WARN_ENUM_CONVERSION = YES;
				CLANG_WARN_INFINITE_RECURSION = YES;
				CLANG_WARN_INT_CONVERSION = YES;
				CLANG_WARN_NON_LITERAL_NULL_CONVERSION = YES;
				CLANG_WARN_OBJC_IMPLICIT_RETAIN_SELF = YES;
				CLANG_WARN_OBJC_LITERAL_CONVERSION = YES;
				CLANG_WARN_OBJC_ROOT_CLASS = YES_ERROR;
				CLANG_WARN_QUOTED_INCLUDE_IN_FRAMEWORK_HEADER = YES;
				CLANG_WARN_RANGE_LOOP_ANALYSIS = YES;
				CLANG_WARN_STRICT_PROTOTYPES = YES;
				CLANG_WARN_SUSPICIOUS_MOVE = YES;
				CLANG_WARN_UNGUARDED_AVAILABILITY = YES_AGGRESSIVE;
				CLANG_WARN_UNREACHABLE_CODE = YES;
				CLANG_WARN__DUPLICATE_METHOD_MATCH = YES;
				COPY_PHASE_STRIP = NO;
				DEBUG_INFORMATION_FORMAT = dwarf;
				ENABLE_STRICT_OBJC_MSGSEND = YES;
				ENABLE_TESTABILITY = YES;
				GCC_C_LANGUAGE_STANDARD = gnu11;
				GCC_DYNAMIC_NO_PIC = NO;
				GCC_NO_COMMON_BLOCKS = YES;
				GCC_OPTIMIZATION_LEVEL = 0;
				GCC_PREPROCESSOR_DEFINITIONS = (
					"DEBUG=1",
					"$(inherited)",
				);
				GCC_WARN_64_TO_32_BIT_CONVERSION = YES;
				GCC_WARN_ABOUT_RETURN_TYPE = YES_ERROR;
				GCC_WARN_UNDECLARED_SELECTOR = YES;
				GCC_WARN_UNINITIALIZED_AUTOS = YES_AGGRESSIVE;
				GCC_WARN_UNUSED_FUNCTION = YES;
				GCC_WARN_UNUSED_VARIABLE = YES;
				IPHONEOS_DEPLOYMENT_TARGET = 14.2;
				MTL_ENABLE_DEBUG_INFO = INCLUDE_SOURCE;
				MTL_FAST_MATH = YES;
				ONLY_ACTIVE_ARCH = YES;
				SDKROOT = iphoneos;
				SWIFT_ACTIVE_COMPILATION_CONDITIONS = DEBUG;
				SWIFT_OPTIMIZATION_LEVEL = "-Onone";
			};
			name = Debug;
		};
		ED7A38B02656BBC000597498 /* Release */ = {
			isa = XCBuildConfiguration;
			buildSettings = {
				ALWAYS_SEARCH_USER_PATHS = NO;
				CLANG_ANALYZER_NONNULL = YES;
				CLANG_ANALYZER_NUMBER_OBJECT_CONVERSION = YES_AGGRESSIVE;
				CLANG_CXX_LANGUAGE_STANDARD = "gnu++14";
				CLANG_CXX_LIBRARY = "libc++";
				CLANG_ENABLE_MODULES = YES;
				CLANG_ENABLE_OBJC_ARC = YES;
				CLANG_ENABLE_OBJC_WEAK = YES;
				CLANG_WARN_BLOCK_CAPTURE_AUTORELEASING = YES;
				CLANG_WARN_BOOL_CONVERSION = YES;
				CLANG_WARN_COMMA = YES;
				CLANG_WARN_CONSTANT_CONVERSION = YES;
				CLANG_WARN_DEPRECATED_OBJC_IMPLEMENTATIONS = YES;
				CLANG_WARN_DIRECT_OBJC_ISA_USAGE = YES_ERROR;
				CLANG_WARN_DOCUMENTATION_COMMENTS = YES;
				CLANG_WARN_EMPTY_BODY = YES;
				CLANG_WARN_ENUM_CONVERSION = YES;
				CLANG_WARN_INFINITE_RECURSION = YES;
				CLANG_WARN_INT_CONVERSION = YES;
				CLANG_WARN_NON_LITERAL_NULL_CONVERSION = YES;
				CLANG_WARN_OBJC_IMPLICIT_RETAIN_SELF = YES;
				CLANG_WARN_OBJC_LITERAL_CONVERSION = YES;
				CLANG_WARN_OBJC_ROOT_CLASS = YES_ERROR;
				CLANG_WARN_QUOTED_INCLUDE_IN_FRAMEWORK_HEADER = YES;
				CLANG_WARN_RANGE_LOOP_ANALYSIS = YES;
				CLANG_WARN_STRICT_PROTOTYPES = YES;
				CLANG_WARN_SUSPICIOUS_MOVE = YES;
				CLANG_WARN_UNGUARDED_AVAILABILITY = YES_AGGRESSIVE;
				CLANG_WARN_UNREACHABLE_CODE = YES;
				CLANG_WARN__DUPLICATE_METHOD_MATCH = YES;
				COPY_PHASE_STRIP = NO;
				DEBUG_INFORMATION_FORMAT = "dwarf-with-dsym";
				ENABLE_NS_ASSERTIONS = NO;
				ENABLE_STRICT_OBJC_MSGSEND = YES;
				GCC_C_LANGUAGE_STANDARD = gnu11;
				GCC_NO_COMMON_BLOCKS = YES;
				GCC_WARN_64_TO_32_BIT_CONVERSION = YES;
				GCC_WARN_ABOUT_RETURN_TYPE = YES_ERROR;
				GCC_WARN_UNDECLARED_SELECTOR = YES;
				GCC_WARN_UNINITIALIZED_AUTOS = YES_AGGRESSIVE;
				GCC_WARN_UNUSED_FUNCTION = YES;
				GCC_WARN_UNUSED_VARIABLE = YES;
				IPHONEOS_DEPLOYMENT_TARGET = 14.2;
				MTL_ENABLE_DEBUG_INFO = NO;
				MTL_FAST_MATH = YES;
				SDKROOT = iphoneos;
				SWIFT_COMPILATION_MODE = wholemodule;
				SWIFT_OPTIMIZATION_LEVEL = "-O";
				VALIDATE_PRODUCT = YES;
			};
			name = Release;
		};
		ED7A38B22656BBC000597498 /* Debug */ = {
			isa = XCBuildConfiguration;
			buildSettings = {
				ASSETCATALOG_COMPILER_APPICON_NAME = AppIcon;
				ASSETCATALOG_COMPILER_GLOBAL_ACCENT_COLOR_NAME = AccentColor;
				CODE_SIGN_STYLE = Automatic;
				DEVELOPMENT_ASSET_PATHS = "\"SwipeUI/Preview Content\"";
				DEVELOPMENT_TEAM = PGQ27XQ5YU;
				ENABLE_PREVIEWS = YES;
				INFOPLIST_FILE = SwipeUI/Info.plist;
				IPHONEOS_DEPLOYMENT_TARGET = 14.0;
				LD_RUNPATH_SEARCH_PATHS = (
					"$(inherited)",
					"@executable_path/Frameworks",
				);
				PRODUCT_BUNDLE_IDENTIFIER = go.westcostyle.SwipeUI;
				PRODUCT_NAME = "$(TARGET_NAME)";
				SWIFT_VERSION = 5.0;
				TARGETED_DEVICE_FAMILY = "1,2";
			};
			name = Debug;
		};
		ED7A38B32656BBC000597498 /* Release */ = {
			isa = XCBuildConfiguration;
			buildSettings = {
				ASSETCATALOG_COMPILER_APPICON_NAME = AppIcon;
				ASSETCATALOG_COMPILER_GLOBAL_ACCENT_COLOR_NAME = AccentColor;
				CODE_SIGN_STYLE = Automatic;
				DEVELOPMENT_ASSET_PATHS = "\"SwipeUI/Preview Content\"";
				DEVELOPMENT_TEAM = PGQ27XQ5YU;
				ENABLE_PREVIEWS = YES;
				INFOPLIST_FILE = SwipeUI/Info.plist;
				IPHONEOS_DEPLOYMENT_TARGET = 14.0;
				LD_RUNPATH_SEARCH_PATHS = (
					"$(inherited)",
					"@executable_path/Frameworks",
				);
				PRODUCT_BUNDLE_IDENTIFIER = go.westcostyle.SwipeUI;
				PRODUCT_NAME = "$(TARGET_NAME)";
				SWIFT_VERSION = 5.0;
				TARGETED_DEVICE_FAMILY = "1,2";
			};
			name = Release;
		};
/* End XCBuildConfiguration section */

/* Begin XCConfigurationList section */
		ED7A389D2656BBBC00597498 /* Build configuration list for PBXProject "SwipeUI" */ = {
			isa = XCConfigurationList;
			buildConfigurations = (
				ED7A38AF2656BBC000597498 /* Debug */,
				ED7A38B02656BBC000597498 /* Release */,
			);
			defaultConfigurationIsVisible = 0;
			defaultConfigurationName = Release;
		};
		ED7A38B12656BBC000597498 /* Build configuration list for PBXNativeTarget "SwipeUI" */ = {
			isa = XCConfigurationList;
			buildConfigurations = (
				ED7A38B22656BBC000597498 /* Debug */,
				ED7A38B32656BBC000597498 /* Release */,
			);
			defaultConfigurationIsVisible = 0;
			defaultConfigurationName = Release;
		};
/* End XCConfigurationList section */

/* Begin XCRemoteSwiftPackageReference section */
		ED1DBD252657BD7F00E7BEB2 /* XCRemoteSwiftPackageReference "SwiftHEXColors" */ = {
			isa = XCRemoteSwiftPackageReference;
			repositoryURL = "https://github.com/thii/SwiftHEXColors.git";
			requirement = {
				kind = upToNextMajorVersion;
				minimumVersion = 1.4.1;
			};
		};
/* End XCRemoteSwiftPackageReference section */

/* Begin XCSwiftPackageProductDependency section */
		ED1DBD262657BD7F00E7BEB2 /* SwiftHEXColors */ = {
			isa = XCSwiftPackageProductDependency;
			package = ED1DBD252657BD7F00E7BEB2 /* XCRemoteSwiftPackageReference "SwiftHEXColors" */;
			productName = SwiftHEXColors;
		};
/* End XCSwiftPackageProductDependency section */
	};
	rootObject = ED7A389A2656BBBC00597498 /* Project object */;
}
